
Microsoft Visual Studio Solution File, Format Version 12.00
# Visual Studio Version 16
VisualStudioVersion = 16.0.29613.14
MinimumVisualStudioVersion = 10.0.40219.1
Project("{9A19103F-16F7-4668-BE54-9A1E7A4F7556}") = "Empresa.Ecommerce.Transversal.Common", "Empresa.Ecommerce.Transversal.Common\Empresa.Ecommerce.Transversal.Common.csproj", "{D8780847-BAFC-41BD-8C19-CDD0CB31D1A8}"
EndProject
Project("{2150E333-8FDC-42A3-9474-1A3956D46DE8}") = "Transversal", "Transversal", "{6535647C-0847-4809-9003-9A0797505BF3}"
EndProject
Project("{2150E333-8FDC-42A3-9474-1A3956D46DE8}") = "Infraestructura", "Infraestructura", "{5D2EB3BA-1946-4080-9727-B38BE2809D63}"
EndProject
Project("{2150E333-8FDC-42A3-9474-1A3956D46DE8}") = "Dominio", "Dominio", "{2E830513-6107-4FDE-AB1A-66628B8E262D}"
EndProject
Project("{2150E333-8FDC-42A3-9474-1A3956D46DE8}") = "Aplicacion", "Aplicacion", "{F86217CF-8CD6-4909-8A71-9A88DAA61296}"
EndProject
Project("{2150E333-8FDC-42A3-9474-1A3956D46DE8}") = "Servicio", "Servicio", "{3169EEEF-0498-4804-BCE5-C1708D053A15}"
EndProject
Project("{9A19103F-16F7-4668-BE54-9A1E7A4F7556}") = "Empresa.Ecommerce.Infraestructura.Data", "Empresa.Ecommerce.Infraestructura.Data\Empresa.Ecommerce.Infraestructura.Data.csproj", "{8B3696A8-1532-40CE-8969-56B9DDCB1734}"
EndProject
Project("{9A19103F-16F7-4668-BE54-9A1E7A4F7556}") = "Empresa.Ecommerce.Infraestructura.Interface", "Empresa.Ecommerce.Infraestructura.Interface\Empresa.Ecommerce.Infraestructura.Interface.csproj", "{4A1419B8-A4C1-4E7B-A258-0E6800C31395}"
EndProject
Project("{9A19103F-16F7-4668-BE54-9A1E7A4F7556}") = "Empresa.Ecommerce.Dominio.Entity", "Empresa.Ecommerce.Dominio.Entity\Empresa.Ecommerce.Dominio.Entity.csproj", "{CDD1592F-DC72-4672-86A5-F2DADCE257D4}"
EndProject
Project("{9A19103F-16F7-4668-BE54-9A1E7A4F7556}") = "Empresa.Ecommerce.Infraestructura.Repository", "Empresa.Ecommerce.Infraestructura.Repository\Empresa.Ecommerce.Infraestructura.Repository.csproj", "{9077BD8A-D9FC-42E0-BE9D-F73FC7163CB0}"
EndProject
Project("{FAE04EC0-301F-11D3-BF4B-00C04F79EFBC}") = "Empresa.Ecommerce.Dominio.Interface", "Empresa.Ecommerce.Dominio.Interface\Empresa.Ecommerce.Dominio.Interface.csproj", "{D69F4A3A-2AC3-45B6-B73F-22E41F4C3AFA}"
EndProject
Project("{FAE04EC0-301F-11D3-BF4B-00C04F79EFBC}") = "Empresa.Ecommerce.Dominio.Core", "Empresa.Ecommerce.Dominio.Core\Empresa.Ecommerce.Dominio.Core.csproj", "{B60D77C1-2037-41F2-9532-F89C893E3E60}"
EndProject
Project("{FAE04EC0-301F-11D3-BF4B-00C04F79EFBC}") = "Empresa.Ecommerce.Application.DTO", "Empresa.Ecommerce.Application.DTO\Empresa.Ecommerce.Application.DTO.csproj", "{CAF54E55-FC1B-4381-8C8A-6CAD0A5A4473}"
EndProject
Project("{FAE04EC0-301F-11D3-BF4B-00C04F79EFBC}") = "Empresa.Ecommerce.Transversal.Mapper", "Empresa.Ecommerce.Transversal.Mapper\Empresa.Ecommerce.Transversal.Mapper.csproj", "{86A51F76-CD3C-4B81-9A0F-03CD75373BAE}"
EndProject
Project("{FAE04EC0-301F-11D3-BF4B-00C04F79EFBC}") = "Empresa.Ecommerce.Application.Interface", "Empresa.Ecommerce.Application.Interface\Empresa.Ecommerce.Application.Interface.csproj", "{3079B940-2F8C-4A1F-ACF6-1CD0AEB1F241}"
EndProject
Project("{FAE04EC0-301F-11D3-BF4B-00C04F79EFBC}") = "Empresa.Ecommerce.Application.Main", "Empresa.Ecommerce.Application.Main\Empresa.Ecommerce.Application.Main.csproj", "{2AE12EDA-549E-4A7D-AA2B-7E57A26429E5}"
EndProject
Global
	GlobalSection(SolutionConfigurationPlatforms) = preSolution
		Debug|Any CPU = Debug|Any CPU
		Release|Any CPU = Release|Any CPU
	EndGlobalSection
	GlobalSection(ProjectConfigurationPlatforms) = postSolution
		{D8780847-BAFC-41BD-8C19-CDD0CB31D1A8}.Debug|Any CPU.ActiveCfg = Debug|Any CPU
		{D8780847-BAFC-41BD-8C19-CDD0CB31D1A8}.Debug|Any CPU.Build.0 = Debug|Any CPU
		{D8780847-BAFC-41BD-8C19-CDD0CB31D1A8}.Release|Any CPU.ActiveCfg = Release|Any CPU
		{D8780847-BAFC-41BD-8C19-CDD0CB31D1A8}.Release|Any CPU.Build.0 = Release|Any CPU
		{8B3696A8-1532-40CE-8969-56B9DDCB1734}.Debug|Any CPU.ActiveCfg = Debug|Any CPU
		{8B3696A8-1532-40CE-8969-56B9DDCB1734}.Debug|Any CPU.Build.0 = Debug|Any CPU
		{8B3696A8-1532-40CE-8969-56B9DDCB1734}.Release|Any CPU.ActiveCfg = Release|Any CPU
		{8B3696A8-1532-40CE-8969-56B9DDCB1734}.Release|Any CPU.Build.0 = Release|Any CPU
		{4A1419B8-A4C1-4E7B-A258-0E6800C31395}.Debug|Any CPU.ActiveCfg = Debug|Any CPU
		{4A1419B8-A4C1-4E7B-A258-0E6800C31395}.Debug|Any CPU.Build.0 = Debug|Any CPU
		{4A1419B8-A4C1-4E7B-A258-0E6800C31395}.Release|Any CPU.ActiveCfg = Release|Any CPU
		{4A1419B8-A4C1-4E7B-A258-0E6800C31395}.Release|Any CPU.Build.0 = Release|Any CPU
		{CDD1592F-DC72-4672-86A5-F2DADCE257D4}.Debug|Any CPU.ActiveCfg = Debug|Any CPU
		{CDD1592F-DC72-4672-86A5-F2DADCE257D4}.Debug|Any CPU.Build.0 = Debug|Any CPU
		{CDD1592F-DC72-4672-86A5-F2DADCE257D4}.Release|Any CPU.ActiveCfg = Release|Any CPU
		{CDD1592F-DC72-4672-86A5-F2DADCE257D4}.Release|Any CPU.Build.0 = Release|Any CPU
		{9077BD8A-D9FC-42E0-BE9D-F73FC7163CB0}.Debug|Any CPU.ActiveCfg = Debug|Any CPU
		{9077BD8A-D9FC-42E0-BE9D-F73FC7163CB0}.Debug|Any CPU.Build.0 = Debug|Any CPU
		{9077BD8A-D9FC-42E0-BE9D-F73FC7163CB0}.Release|Any CPU.ActiveCfg = Release|Any CPU
		{9077BD8A-D9FC-42E0-BE9D-F73FC7163CB0}.Release|Any CPU.Build.0 = Release|Any CPU
		{D69F4A3A-2AC3-45B6-B73F-22E41F4C3AFA}.Debug|Any CPU.ActiveCfg = Debug|Any CPU
		{D69F4A3A-2AC3-45B6-B73F-22E41F4C3AFA}.Debug|Any CPU.Build.0 = Debug|Any CPU
		{D69F4A3A-2AC3-45B6-B73F-22E41F4C3AFA}.Release|Any CPU.ActiveCfg = Release|Any CPU
		{D69F4A3A-2AC3-45B6-B73F-22E41F4C3AFA}.Release|Any CPU.Build.0 = Release|Any CPU
		{B60D77C1-2037-41F2-9532-F89C893E3E60}.Debug|Any CPU.ActiveCfg = Debug|Any CPU
		{B60D77C1-2037-41F2-9532-F89C893E3E60}.Debug|Any CPU.Build.0 = Debug|Any CPU
		{B60D77C1-2037-41F2-9532-F89C893E3E60}.Release|Any CPU.ActiveCfg = Release|Any CPU
		{B60D77C1-2037-41F2-9532-F89C893E3E60}.Release|Any CPU.Build.0 = Release|Any CPU
		{CAF54E55-FC1B-4381-8C8A-6CAD0A5A4473}.Debug|Any CPU.ActiveCfg = Debug|Any CPU
		{CAF54E55-FC1B-4381-8C8A-6CAD0A5A4473}.Debug|Any CPU.Build.0 = Debug|Any CPU
		{CAF54E55-FC1B-4381-8C8A-6CAD0A5A4473}.Release|Any CPU.ActiveCfg = Release|Any CPU
		{CAF54E55-FC1B-4381-8C8A-6CAD0A5A4473}.Release|Any CPU.Build.0 = Release|Any CPU
		{86A51F76-CD3C-4B81-9A0F-03CD75373BAE}.Debug|Any CPU.ActiveCfg = Debug|Any CPU
		{86A51F76-CD3C-4B81-9A0F-03CD75373BAE}.Debug|Any CPU.Build.0 = Debug|Any CPU
		{86A51F76-CD3C-4B81-9A0F-03CD75373BAE}.Release|Any CPU.ActiveCfg = Release|Any CPU
		{86A51F76-CD3C-4B81-9A0F-03CD75373BAE}.Release|Any CPU.Build.0 = Release|Any CPU
		{3079B940-2F8C-4A1F-ACF6-1CD0AEB1F241}.Debug|Any CPU.ActiveCfg = Debug|Any CPU
		{3079B940-2F8C-4A1F-ACF6-1CD0AEB1F241}.Debug|Any CPU.Build.0 = Debug|Any CPU
		{3079B940-2F8C-4A1F-ACF6-1CD0AEB1F241}.Release|Any CPU.ActiveCfg = Release|Any CPU
		{3079B940-2F8C-4A1F-ACF6-1CD0AEB1F241}.Release|Any CPU.Build.0 = Release|Any CPU
		{2AE12EDA-549E-4A7D-AA2B-7E57A26429E5}.Debug|Any CPU.ActiveCfg = Debug|Any CPU
		{2AE12EDA-549E-4A7D-AA2B-7E57A26429E5}.Debug|Any CPU.Build.0 = Debug|Any CPU
		{2AE12EDA-549E-4A7D-AA2B-7E57A26429E5}.Release|Any CPU.ActiveCfg = Release|Any CPU
		{2AE12EDA-549E-4A7D-AA2B-7E57A26429E5}.Release|Any CPU.Build.0 = Release|Any CPU
	EndGlobalSection
	GlobalSection(SolutionProperties) = preSolution
		HideSolutionNode = FALSE
	EndGlobalSection
	GlobalSection(NestedProjects) = preSolution
		{D8780847-BAFC-41BD-8C19-CDD0CB31D1A8} = {6535647C-0847-4809-9003-9A0797505BF3}
		{8B3696A8-1532-40CE-8969-56B9DDCB1734} = {5D2EB3BA-1946-4080-9727-B38BE2809D63}
		{4A1419B8-A4C1-4E7B-A258-0E6800C31395} = {5D2EB3BA-1946-4080-9727-B38BE2809D63}
		{CDD1592F-DC72-4672-86A5-F2DADCE257D4} = {2E830513-6107-4FDE-AB1A-66628B8E262D}
		{9077BD8A-D9FC-42E0-BE9D-F73FC7163CB0} = {5D2EB3BA-1946-4080-9727-B38BE2809D63}
		{D69F4A3A-2AC3-45B6-B73F-22E41F4C3AFA} = {2E830513-6107-4FDE-AB1A-66628B8E262D}
		{B60D77C1-2037-41F2-9532-F89C893E3E60} = {2E830513-6107-4FDE-AB1A-66628B8E262D}
		{CAF54E55-FC1B-4381-8C8A-6CAD0A5A4473} = {F86217CF-8CD6-4909-8A71-9A88DAA61296}
		{86A51F76-CD3C-4B81-9A0F-03CD75373BAE} = {6535647C-0847-4809-9003-9A0797505BF3}
		{3079B940-2F8C-4A1F-ACF6-1CD0AEB1F241} = {F86217CF-8CD6-4909-8A71-9A88DAA61296}
		{2AE12EDA-549E-4A7D-AA2B-7E57A26429E5} = {F86217CF-8CD6-4909-8A71-9A88DAA61296}
	EndGlobalSection
	GlobalSection(ExtensibilityGlobals) = postSolution
		SolutionGuid = {029A4824-4CD6-468A-ABBF-A5889C48BDD2}
	EndGlobalSection
EndGlobal
